PODS:
  - Bolts (1.1.3)
  - Facebook-iOS-SDK (3.21.1):
    - Bolts (~> 1.0)
  - Parse (1.5.0):
    - Bolts (~> 1.1.3)
  - ParseFacebookUtils (1.5.0.1):
    - Facebook-iOS-SDK (~> 3.20)
    - Parse (~> 1.5.0)
  - SDWebImage (3.7.1):
    - SDWebImage/Core (= 3.7.1)
  - SDWebImage/Core (3.7.1)
  - StaticDataTableViewController (2.0.3)
  - UIActivityIndicator-for-SDWebImage (1.2):
    - SDWebImage (~> 3.7)

DEPENDENCIES:
  - Bolts
  - Facebook-iOS-SDK
  - Parse
  - ParseFacebookUtils
  - SDWebImage
  - StaticDataTableViewController
  - UIActivityIndicator-for-SDWebImage

SPEC CHECKSUMS:
  Bolts: 3db0a875235e0c9042b013af13af0f00f79b102c
  Facebook-iOS-SDK: 18c26e86ab25c17854a2ee2a8f60562099c6600f
  Parse: 7de25b6f70f0b233e5d25835f62eabfa91e4f9d7
  ParseFacebookUtils: df2c8634a66883326629099af3690f1862fe126d
  SDWebImage: 116e88633b5b416ea0ca4b334a4ac59cf72dd38d
  StaticDataTableViewController: 171ee35f17f6176baa98ce05c1e4769a628732ad
  UIActivityIndicator-for-SDWebImage: 8bd92c15280fbe54816448c6b14674145eee05c7

COCOAPODS: 0.35.0
