PODS:
  - ActionSheetPicker-3.0 (1.6.2)
  - ALAssetsLibrary-CustomPhotoAlbum (1.3.0)
  - Bolts (1.2.0):
    - Bolts/AppLinks (= 1.2.0)
    - Bolts/Tasks (= 1.2.0)
  - Bolts/AppLinks (1.2.0):
    - Bolts/Tasks
  - Bolts/Tasks (1.2.0)
  - CCHMapClusterController (1.6.6)
  - DateTools (1.6.1)
  - FastttCamera/Default (0.3.1)
  - FastttCamera/Filters (0.3.1):
    - FastttCamera/Default
    - GPUImage (~> 0.1.0)
  - FBSDKCoreKit (4.3.0):
    - Bolts (~> 1.1)
    - FBSDKCoreKit/arc (= 4.3.0)
    - FBSDKCoreKit/no-arc (= 4.3.0)
  - FBSDKCoreKit/arc (4.3.0):
    - Bolts (~> 1.1)
  - FBSDKCoreKit/no-arc (4.3.0):
    - Bolts (~> 1.1)
    - FBSDKCoreKit/arc
  - FBSDKLoginKit (4.3.0):
    - FBSDKCoreKit
  - FBSDKShareKit (4.3.0):
    - FBSDKCoreKit
  - Google/Analytics (1.0.7):
    - Google/Core
    - GoogleAnalytics (~> 3.12)
  - Google/Core (1.0.7):
    - GoogleNetworkingUtilities (~> 1.0)
    - GoogleSymbolUtilities (~> 1.0)
    - GoogleUtilities (~> 1.0)
  - GoogleAnalytics (3.12.0)
  - GoogleNetworkingUtilities (1.0.0):
    - GoogleSymbolUtilities (~> 1.0)
  - GoogleSymbolUtilities (1.0.0)
  - GoogleUtilities (1.0.1):
    - GoogleSymbolUtilities (~> 1.0)
  - GPUImage (0.1.7)
  - HexColors (2.3.0)
  - ImageEffects (1.0.0)
  - NYXImagesKit (2.4)
  - Parse (1.7.5):
    - Bolts/Tasks (>= 1.2.0)
  - ParseCrashReporting (1.7.5):
    - Bolts/Tasks (>= 1.2.0)
    - Parse (~> 1.7.5)
  - ParseFacebookUtilsV4 (1.7.5):
    - Bolts/Tasks (>= 1.2.0)
    - FBSDKCoreKit (~> 4.0)
    - FBSDKLoginKit (~> 4.0)
    - Parse (~> 1.7.5)
  - RBBAnimation (0.4.0)
  - Reachability (3.2)
  - SDCAlertView (2.5.2):
    - RBBAnimation (~> 0.3)
    - SDCAutoLayout (~> 2.0)
  - SDCAutoLayout (2.0.3)
  - SDWebImage (3.7.2):
    - SDWebImage/Core (= 3.7.2)
  - SDWebImage/Core (3.7.2)
  - TSMessages (0.9.13):
    - HexColors (~> 2.3.0)
  - UIActivityIndicator-for-SDWebImage (1.2):
    - SDWebImage (~> 3.7)

DEPENDENCIES:
  - ActionSheetPicker-3.0
  - ALAssetsLibrary-CustomPhotoAlbum
  - CCHMapClusterController
  - DateTools
  - FastttCamera/Filters
  - FBSDKCoreKit
  - FBSDKLoginKit
  - FBSDKShareKit
  - Google/Analytics
  - GPUImage (from `https://github.com/BradLarson/GPUImage.git`)
  - ImageEffects
  - NYXImagesKit (from `https://github.com/Nyx0uf/NYXImagesKit.git`)
  - Parse
  - ParseCrashReporting
  - ParseFacebookUtilsV4
  - Reachability
  - SDCAlertView
  - SDWebImage
  - TSMessages (from `https://github.com/KrauseFx/TSMessages.git`)
  - UIActivityIndicator-for-SDWebImage

EXTERNAL SOURCES:
  GPUImage:
    :git: https://github.com/BradLarson/GPUImage.git
  NYXImagesKit:
    :git: https://github.com/Nyx0uf/NYXImagesKit.git
  TSMessages:
    :git: https://github.com/KrauseFx/TSMessages.git

CHECKOUT OPTIONS:
  GPUImage:
    :commit: b270f452755b5edb616c3579d10c41e3c9460013
    :git: https://github.com/BradLarson/GPUImage.git
  NYXImagesKit:
    :commit: e0cbf80693d435dc426816a5cb23b6140d1efccc
    :git: https://github.com/Nyx0uf/NYXImagesKit.git
  TSMessages:
    :commit: 7ef3990de3c626e8f3e50bfabb53f76997e374ce
    :git: https://github.com/KrauseFx/TSMessages.git

SPEC CHECKSUMS:
  ActionSheetPicker-3.0: cc9f90ae785070623e9b972270013c3242190fb0
  ALAssetsLibrary-CustomPhotoAlbum: 4df413c22294b310f47c5525fa99523fd43419f9
  Bolts: d176cb1e0012175589e389a9db49b85e27787576
  CCHMapClusterController: 982db41114b42a575798366371bd9908e0f9ec8b
  DateTools: 9bcc89e4f2f9004d8a7a2bd1b49269cf78968e65
  FastttCamera: dfcec6e490be93130123309fdecc7cf444081470
  FBSDKCoreKit: a3a60225a84abeace291d0fe71cae29a627382c2
  FBSDKLoginKit: 6bc2f8f2628c3b6d2e346762fff8cb55cfd3a58d
  FBSDKShareKit: 15806d69714de39d5dff2c84645f4cde23f5876e
  Google: 875f5a8ade86dd02e36586e4a54814843938c7f6
  GoogleAnalytics: ef2e0b800ef3c1e62688cdfc959e0d3132bc246c
  GoogleNetworkingUtilities: 292992ab31b7b4ba32809a0e8b40e324cdfb2c0c
  GoogleSymbolUtilities: a7b0feed1fe667c8d5e647177938d0ecd62d6948
  GoogleUtilities: e3475cd4d45134221d2f3f3626095a1c49b62041
  GPUImage: 733a5f0fab92df9de1c37ba9df520a833ccb406d
  HexColors: 6ad3947c3447a055a3aa8efa859def096351fe5f
  ImageEffects: 6f92f55ae12c4010642f84dcc2d7e21246666cf9
  NYXImagesKit: 3b233aa490c36088db40e9d34a637d54053f4936
  Parse: 7c0f115eff3e0cea3fac08d50bda47154edb8832
  ParseCrashReporting: 504b77a57d0619f8099061c11d323877e681a184
  ParseFacebookUtilsV4: 3107725c6f2b69e3a03afe9c3aff35d6ee3e9ba5
  RBBAnimation: 4b2d66f6d993febce63cd564da934985313b9c59
  Reachability: 33e18b67625424e47b6cde6d202dce689ad7af96
  SDCAlertView: f9706c18f456ea87909f8f199704cd28e582ff27
  SDCAutoLayout: e6885bb39ab8e2ec2ff84d158f38035f025f7420
  SDWebImage: 71b7cdc1d1721d6a82ed62889030225f2c249e29
  TSMessages: 8f04ffae3ce56a324731dedd3b8fab3766878db2
  UIActivityIndicator-for-SDWebImage: 7bf7ebbf0ed1747dedc0d6e949c4603a6d0f9e0c

COCOAPODS: 0.37.2
