PODS:
  - ActionSheetPicker-3.0 (1.5.0)
  - ALAssetsLibrary-CustomPhotoAlbum (1.3.0)
  - Bolts (1.1.4)
  - CRToast (0.0.7)
  - Facebook-iOS-SDK (3.23.2):
    - Bolts (~> 1.0)
  - Parse (1.6.5):
    - Bolts (~> 1.1)
  - ParseCrashReporting (1.6.5):
    - Parse (~> 1.6.5)
  - ParseFacebookUtils (1.6.5):
    - Facebook-iOS-SDK (~> 3.20)
    - Parse (~> 1.6.5)
  - Reachability (3.2)
  - SDWebImage (3.7.2):
    - SDWebImage/Core (= 3.7.2)
  - SDWebImage/Core (3.7.2)
  - UIActivityIndicator-for-SDWebImage (1.2):
    - SDWebImage (~> 3.7)

DEPENDENCIES:
  - ActionSheetPicker-3.0
  - ALAssetsLibrary-CustomPhotoAlbum
  - Bolts
  - CRToast
  - Facebook-iOS-SDK
  - Parse
  - ParseCrashReporting
  - ParseFacebookUtils
  - Reachability
  - SDWebImage
  - UIActivityIndicator-for-SDWebImage

SPEC CHECKSUMS:
  ActionSheetPicker-3.0: 30565e92a38b23f06f4a3fce113bd92f0e44dd4d
  ALAssetsLibrary-CustomPhotoAlbum: 78ebdfc8577c95974c5d71109bd31606ce175cfb
  Bolts: dd9fb8433d67f5acc3b6b4d1379bbc5513d716c1
  CRToast: f9f2c4b29776d68ba24c4d621cba59a83fea921b
  Facebook-iOS-SDK: cd87f0b2f0c1d9574b44e8fa2baacc275524bac3
  Parse: a21db4037d70a68a4ec64ecc0f327ed475cc14f8
  ParseCrashReporting: bc2418de3e198d032e8263c68fa2b98d6bcd964e
  ParseFacebookUtils: 4d58d0f133fa1af52f3a8d5caaa55cd435118ac4
  Reachability: 1ef8adf5c4e3d362f96515d4278f68dad3c26930
  SDWebImage: 71b7cdc1d1721d6a82ed62889030225f2c249e29
  UIActivityIndicator-for-SDWebImage: 8bd92c15280fbe54816448c6b14674145eee05c7

COCOAPODS: 0.36.0
